
Microsoft Visual Studio Solution File, Format Version 12.00
# Visual Studio 2017
Project("{FAE04EC0-301F-11D3-BF4B-00C04F79EFBC}") = "Reminder_new", "Reminder_new.csproj", "{6F73039E-4613-FEEE-C4E2-C83FD6B0F532}"
EndProject
Global
	GlobalSection(SolutionConfigurationPlatforms) = preSolution
		Debug|Any CPU = Debug|Any CPU
		Release|Any CPU = Release|Any CPU
	EndGlobalSection
	GlobalSection(ProjectConfigurationPlatforms) = postSolution
		{6F73039E-4613-FEEE-C4E2-C83FD6B0F532}.Debug|Any CPU.ActiveCfg = Debug|Any CPU
		{6F73039E-4613-FEEE-C4E2-C83FD6B0F532}.Debug|Any CPU.Build.0 = Debug|Any CPU
		{6F73039E-4613-FEEE-C4E2-C83FD6B0F532}.Release|Any CPU.ActiveCfg = Release|Any CPU
		{6F73039E-4613-FEEE-C4E2-C83FD6B0F532}.Release|Any CPU.Build.0 = Release|Any CPU
	EndGlobalSection
	GlobalSection(SolutionProperties) = preSolution
		HideSolutionNode = FALSE
	EndGlobalSection
EndGlobal
